// !$*UTF8*$!
{
	archiveVersion = 1;
	classes = {
	};
	objectVersion = 46;
	objects = {

/* Begin PBXBuildFile section */
		86041D7619072BEF00F1C075 /* ITLab.m in Sources */ = {isa = PBXBuildFile; fileRef = 86041D7519072BEF00F1C075 /* ITLab.m */; };
		86041D7919072CCD00F1C075 /* ITLabStore.m in Sources */ = {isa = PBXBuildFile; fileRef = 86041D7819072CCD00F1C075 /* ITLabStore.m */; };
		86041DC61907327600F1C075 /* TFHpple.m in Sources */ = {isa = PBXBuildFile; fileRef = 86041DC51907327600F1C075 /* TFHpple.m */; };
		86041DCC1907328500F1C075 /* TFHppleElement.m in Sources */ = {isa = PBXBuildFile; fileRef = 86041DC91907328500F1C075 /* TFHppleElement.m */; };
		86041DCD1907328500F1C075 /* XPathQuery.m in Sources */ = {isa = PBXBuildFile; fileRef = 86041DCB1907328500F1C075 /* XPathQuery.m */; };
		86041DD01907337400F1C075 /* libxml2.dylib in Frameworks */ = {isa = PBXBuildFile; fileRef = 86041DCF1907337400F1C075 /* libxml2.dylib */; };
		86041DD3190736B300F1C075 /* ITLabParser.m in Sources */ = {isa = PBXBuildFile; fileRef = 86041DD2190736B300F1C075 /* ITLabParser.m */; };
		8650ADAE1906DB05009CF008 /* Foundation.framework in Frameworks */ = {isa = PBXBuildFile; fileRef = 8650ADAD1906DB05009CF008 /* Foundation.framework */; };
		8650ADB01906DB05009CF008 /* CoreGraphics.framework in Frameworks */ = {isa = PBXBuildFile; fileRef = 8650ADAF1906DB05009CF008 /* CoreGraphics.framework */; };
		8650ADB21906DB05009CF008 /* UIKit.framework in Frameworks */ = {isa = PBXBuildFile; fileRef = 8650ADB11906DB05009CF008 /* UIKit.framework */; };
		8650ADB81906DB05009CF008 /* InfoPlist.strings in Resources */ = {isa = PBXBuildFile; fileRef = 8650ADB61906DB05009CF008 /* InfoPlist.strings */; };
		8650ADBA1906DB05009CF008 /* main.m in Sources */ = {isa = PBXBuildFile; fileRef = 8650ADB91906DB05009CF008 /* main.m */; };
		8650ADBE1906DB05009CF008 /* ITAppDelegate.m in Sources */ = {isa = PBXBuildFile; fileRef = 8650ADBD1906DB05009CF008 /* ITAppDelegate.m */; };
		8650ADC01906DB05009CF008 /* Images.xcassets in Resources */ = {isa = PBXBuildFile; fileRef = 8650ADBF1906DB05009CF008 /* Images.xcassets */; };
		8650ADC71906DB05009CF008 /* XCTest.framework in Frameworks */ = {isa = PBXBuildFile; fileRef = 8650ADC61906DB05009CF008 /* XCTest.framework */; };
		8650ADC81906DB05009CF008 /* Foundation.framework in Frameworks */ = {isa = PBXBuildFile; fileRef = 8650ADAD1906DB05009CF008 /* Foundation.framework */; };
		8650ADC91906DB05009CF008 /* UIKit.framework in Frameworks */ = {isa = PBXBuildFile; fileRef = 8650ADB11906DB05009CF008 /* UIKit.framework */; };
		8650ADD11906DB05009CF008 /* InfoPlist.strings in Resources */ = {isa = PBXBuildFile; fileRef = 8650ADCF1906DB05009CF008 /* InfoPlist.strings */; };
		8650ADD31906DB05009CF008 /* CDF_LabsTests.m in Sources */ = {isa = PBXBuildFile; fileRef = 8650ADD21906DB05009CF008 /* CDF_LabsTests.m */; };
		8650ADDD1906DB6C009CF008 /* MainStoryboard.storyboard in Resources */ = {isa = PBXBuildFile; fileRef = 8650ADDC1906DB6C009CF008 /* MainStoryboard.storyboard */; };
		86DAC16B1907565300877DBF /* UIColor+CDFLabs.m in Sources */ = {isa = PBXBuildFile; fileRef = 86DAC16A1907565300877DBF /* UIColor+CDFLabs.m */; };
		86DAC1721907583100877DBF /* ITLabCollectionViewCell.m in Sources */ = {isa = PBXBuildFile; fileRef = 86DAC1711907583100877DBF /* ITLabCollectionViewCell.m */; };
		86DAC1741907584500877DBF /* ITLabCollectionViewCell.xib in Resources */ = {isa = PBXBuildFile; fileRef = 86DAC1731907584500877DBF /* ITLabCollectionViewCell.xib */; };
		86DAC17719075A6500877DBF /* ITLabCollectionViewController.m in Sources */ = {isa = PBXBuildFile; fileRef = 86DAC17619075A6500877DBF /* ITLabCollectionViewController.m */; };
		BA58111DC368475696CDC836 /* libPods.a in Frameworks */ = {isa = PBXBuildFile; fileRef = 4511335801D74C04923BDABB /* libPods.a */; };
/* End PBXBuildFile section */

/* Begin PBXContainerItemProxy section */
		8650ADCA1906DB05009CF008 /* PBXContainerItemProxy */ = {
			isa = PBXContainerItemProxy;
			containerPortal = 8650ADA21906DB05009CF008 /* Project object */;
			proxyType = 1;
			remoteGlobalIDString = 8650ADA91906DB05009CF008;
			remoteInfo = "CDF Labs";
		};
/* End PBXContainerItemProxy section */

/* Begin PBXFileReference section */
		4511335801D74C04923BDABB /* libPods.a */ = {isa = PBXFileReference; explicitFileType = archive.ar; includeInIndex = 0; path = libPods.a; sourceTree = BUILT_PRODUCTS_DIR; };
		86041D7419072BEF00F1C075 /* ITLab.h */ = {isa = PBXFileReference; fileEncoding = 4; lastKnownFileType = sourcecode.c.h; path = ITLab.h; sourceTree = "<group>"; };
		86041D7519072BEF00F1C075 /* ITLab.m */ = {isa = PBXFileReference; fileEncoding = 4; lastKnownFileType = sourcecode.c.objc; path = ITLab.m; sourceTree = "<group>"; };
		86041D7719072CCD00F1C075 /* ITLabStore.h */ = {isa = PBXFileReference; fileEncoding = 4; lastKnownFileType = sourcecode.c.h; path = ITLabStore.h; sourceTree = "<group>"; };
		86041D7819072CCD00F1C075 /* ITLabStore.m */ = {isa = PBXFileReference; fileEncoding = 4; lastKnownFileType = sourcecode.c.objc; path = ITLabStore.m; sourceTree = "<group>"; };
		86041D7F19072F2800F1C075 /* ITConstants.h */ = {isa = PBXFileReference; fileEncoding = 4; lastKnownFileType = sourcecode.c.h; path = ITConstants.h; sourceTree = "<group>"; };
		86041DC51907327600F1C075 /* TFHpple.m */ = {isa = PBXFileReference; fileEncoding = 4; lastKnownFileType = sourcecode.c.objc; path = TFHpple.m; sourceTree = "<group>"; };
		86041DC71907327C00F1C075 /* TFHpple.h */ = {isa = PBXFileReference; lastKnownFileType = sourcecode.c.h; path = TFHpple.h; sourceTree = "<group>"; };
		86041DC81907328500F1C075 /* TFHppleElement.h */ = {isa = PBXFileReference; fileEncoding = 4; lastKnownFileType = sourcecode.c.h; path = TFHppleElement.h; sourceTree = "<group>"; };
		86041DC91907328500F1C075 /* TFHppleElement.m */ = {isa = PBXFileReference; fileEncoding = 4; lastKnownFileType = sourcecode.c.objc; path = TFHppleElement.m; sourceTree = "<group>"; };
		86041DCA1907328500F1C075 /* XPathQuery.h */ = {isa = PBXFileReference; fileEncoding = 4; lastKnownFileType = sourcecode.c.h; path = XPathQuery.h; sourceTree = "<group>"; };
		86041DCB1907328500F1C075 /* XPathQuery.m */ = {isa = PBXFileReference; fileEncoding = 4; lastKnownFileType = sourcecode.c.objc; path = XPathQuery.m; sourceTree = "<group>"; };
		86041DCF1907337400F1C075 /* libxml2.dylib */ = {isa = PBXFileReference; lastKnownFileType = "compiled.mach-o.dylib"; path = libxml2.dylib; sourceTree = "<group>"; };
		86041DD1190736B300F1C075 /* ITLabParser.h */ = {isa = PBXFileReference; fileEncoding = 4; lastKnownFileType = sourcecode.c.h; path = ITLabParser.h; sourceTree = "<group>"; };
		86041DD2190736B300F1C075 /* ITLabParser.m */ = {isa = PBXFileReference; fileEncoding = 4; lastKnownFileType = sourcecode.c.objc; path = ITLabParser.m; sourceTree = "<group>"; };
		8650ADAA1906DB05009CF008 /* CDF Labs.app */ = {isa = PBXFileReference; explicitFileType = wrapper.application; includeInIndex = 0; path = "CDF Labs.app"; sourceTree = BUILT_PRODUCTS_DIR; };
		8650ADAD1906DB05009CF008 /* Foundation.framework */ = {isa = PBXFileReference; lastKnownFileType = wrapper.framework; name = Foundation.framework; path = System/Library/Frameworks/Foundation.framework; sourceTree = SDKROOT; };
		8650ADAF1906DB05009CF008 /* CoreGraphics.framework */ = {isa = PBXFileReference; lastKnownFileType = wrapper.framework; name = CoreGraphics.framework; path = System/Library/Frameworks/CoreGraphics.framework; sourceTree = SDKROOT; };
		8650ADB11906DB05009CF008 /* UIKit.framework */ = {isa = PBXFileReference; lastKnownFileType = wrapper.framework; name = UIKit.framework; path = System/Library/Frameworks/UIKit.framework; sourceTree = SDKROOT; };
		8650ADB51906DB05009CF008 /* CDF Labs-Info.plist */ = {isa = PBXFileReference; lastKnownFileType = text.plist.xml; path = "CDF Labs-Info.plist"; sourceTree = "<group>"; };
		8650ADB71906DB05009CF008 /* en */ = {isa = PBXFileReference; lastKnownFileType = text.plist.strings; name = en; path = en.lproj/InfoPlist.strings; sourceTree = "<group>"; };
		8650ADB91906DB05009CF008 /* main.m */ = {isa = PBXFileReference; lastKnownFileType = sourcecode.c.objc; path = main.m; sourceTree = "<group>"; };
		8650ADBB1906DB05009CF008 /* CDF Labs-Prefix.pch */ = {isa = PBXFileReference; lastKnownFileType = sourcecode.c.h; path = "CDF Labs-Prefix.pch"; sourceTree = "<group>"; };
		8650ADBC1906DB05009CF008 /* ITAppDelegate.h */ = {isa = PBXFileReference; lastKnownFileType = sourcecode.c.h; path = ITAppDelegate.h; sourceTree = "<group>"; };
		8650ADBD1906DB05009CF008 /* ITAppDelegate.m */ = {isa = PBXFileReference; lastKnownFileType = sourcecode.c.objc; path = ITAppDelegate.m; sourceTree = "<group>"; };
		8650ADBF1906DB05009CF008 /* Images.xcassets */ = {isa = PBXFileReference; lastKnownFileType = folder.assetcatalog; name = Images.xcassets; path = "CDF Labs/Images.xcassets"; sourceTree = "<group>"; };
		8650ADC51906DB05009CF008 /* CDF LabsTests.xctest */ = {isa = PBXFileReference; explicitFileType = wrapper.cfbundle; includeInIndex = 0; path = "CDF LabsTests.xctest"; sourceTree = BUILT_PRODUCTS_DIR; };
		8650ADC61906DB05009CF008 /* XCTest.framework */ = {isa = PBXFileReference; lastKnownFileType = wrapper.framework; name = XCTest.framework; path = Library/Frameworks/XCTest.framework; sourceTree = DEVELOPER_DIR; };
		8650ADCE1906DB05009CF008 /* CDF LabsTests-Info.plist */ = {isa = PBXFileReference; lastKnownFileType = text.plist.xml; path = "CDF LabsTests-Info.plist"; sourceTree = "<group>"; };
		8650ADD01906DB05009CF008 /* en */ = {isa = PBXFileReference; lastKnownFileType = text.plist.strings; name = en; path = en.lproj/InfoPlist.strings; sourceTree = "<group>"; };
		8650ADD21906DB05009CF008 /* CDF_LabsTests.m */ = {isa = PBXFileReference; lastKnownFileType = sourcecode.c.objc; path = CDF_LabsTests.m; sourceTree = "<group>"; };
		8650ADDC1906DB6C009CF008 /* MainStoryboard.storyboard */ = {isa = PBXFileReference; fileEncoding = 4; lastKnownFileType = file.storyboard; path = MainStoryboard.storyboard; sourceTree = "<group>"; };
		86DAC1691907565300877DBF /* UIColor+CDFLabs.h */ = {isa = PBXFileReference; fileEncoding = 4; lastKnownFileType = sourcecode.c.h; path = "UIColor+CDFLabs.h"; sourceTree = "<group>"; };
		86DAC16A1907565300877DBF /* UIColor+CDFLabs.m */ = {isa = PBXFileReference; fileEncoding = 4; lastKnownFileType = sourcecode.c.objc; path = "UIColor+CDFLabs.m"; sourceTree = "<group>"; };
		86DAC1701907583100877DBF /* ITLabCollectionViewCell.h */ = {isa = PBXFileReference; fileEncoding = 4; lastKnownFileType = sourcecode.c.h; path = ITLabCollectionViewCell.h; sourceTree = "<group>"; };
		86DAC1711907583100877DBF /* ITLabCollectionViewCell.m */ = {isa = PBXFileReference; fileEncoding = 4; lastKnownFileType = sourcecode.c.objc; path = ITLabCollectionViewCell.m; sourceTree = "<group>"; };
		86DAC1731907584500877DBF /* ITLabCollectionViewCell.xib */ = {isa = PBXFileReference; fileEncoding = 4; lastKnownFileType = file.xib; path = ITLabCollectionViewCell.xib; sourceTree = "<group>"; };
		86DAC17519075A6500877DBF /* ITLabCollectionViewController.h */ = {isa = PBXFileReference; fileEncoding = 4; lastKnownFileType = sourcecode.c.h; path = ITLabCollectionViewController.h; sourceTree = "<group>"; };
		86DAC17619075A6500877DBF /* ITLabCollectionViewController.m */ = {isa = PBXFileReference; fileEncoding = 4; lastKnownFileType = sourcecode.c.objc; path = ITLabCollectionViewController.m; sourceTree = "<group>"; };
		8E6E680B65354367A38AC96D /* Pods.xcconfig */ = {isa = PBXFileReference; includeInIndex = 1; lastKnownFileType = text.xcconfig; name = Pods.xcconfig; path = Pods/Pods.xcconfig; sourceTree = "<group>"; };
/* End PBXFileReference section */

/* Begin PBXFrameworksBuildPhase section */
		8650ADA71906DB05009CF008 /* Frameworks */ = {
			isa = PBXFrameworksBuildPhase;
			buildActionMask = 2147483647;
			files = (
				8650ADB01906DB05009CF008 /* CoreGraphics.framework in Frameworks */,
				8650ADB21906DB05009CF008 /* UIKit.framework in Frameworks */,
				8650ADAE1906DB05009CF008 /* Foundation.framework in Frameworks */,
				BA58111DC368475696CDC836 /* libPods.a in Frameworks */,
				86041DD01907337400F1C075 /* libxml2.dylib in Frameworks */,
			);
			runOnlyForDeploymentPostprocessing = 0;
		};
		8650ADC21906DB05009CF008 /* Frameworks */ = {
			isa = PBXFrameworksBuildPhase;
			buildActionMask = 2147483647;
			files = (
				8650ADC71906DB05009CF008 /* XCTest.framework in Frameworks */,
				8650ADC91906DB05009CF008 /* UIKit.framework in Frameworks */,
				8650ADC81906DB05009CF008 /* Foundation.framework in Frameworks */,
			);
			runOnlyForDeploymentPostprocessing = 0;
		};
/* End PBXFrameworksBuildPhase section */

/* Begin PBXGroup section */
		86041D7319072BBC00F1C075 /* Models */ = {
			isa = PBXGroup;
			children = (
				86041D7419072BEF00F1C075 /* ITLab.h */,
				86041D7519072BEF00F1C075 /* ITLab.m */,
				86041D7719072CCD00F1C075 /* ITLabStore.h */,
				86041D7819072CCD00F1C075 /* ITLabStore.m */,
			);
			name = Models;
			sourceTree = "<group>";
		};
		86041D7E19072EBD00F1C075 /* Parser */ = {
			isa = PBXGroup;
			children = (
				86041DD1190736B300F1C075 /* ITLabParser.h */,
				86041DD2190736B300F1C075 /* ITLabParser.m */,
			);
			name = Parser;
			sourceTree = "<group>";
		};
		86041D821907311100F1C075 /* App Delegate */ = {
			isa = PBXGroup;
			children = (
				8650ADBC1906DB05009CF008 /* ITAppDelegate.h */,
				8650ADBD1906DB05009CF008 /* ITAppDelegate.m */,
			);
			name = "App Delegate";
			sourceTree = "<group>";
		};
		86041DC41907316D00F1C075 /* External Libraries */ = {
			isa = PBXGroup;
			children = (
				86041DCF1907337400F1C075 /* libxml2.dylib */,
				86041DCE1907328B00F1C075 /* Hpple */,
			);
			name = "External Libraries";
			path = ..;
			sourceTree = "<group>";
		};
		86041DCE1907328B00F1C075 /* Hpple */ = {
			isa = PBXGroup;
			children = (
				86041DC71907327C00F1C075 /* TFHpple.h */,
				86041DC51907327600F1C075 /* TFHpple.m */,
				86041DC81907328500F1C075 /* TFHppleElement.h */,
				86041DC91907328500F1C075 /* TFHppleElement.m */,
				86041DCA1907328500F1C075 /* XPathQuery.h */,
				86041DCB1907328500F1C075 /* XPathQuery.m */,
			);
			name = Hpple;
			sourceTree = "<group>";
		};
		8650ADA11906DB05009CF008 = {
			isa = PBXGroup;
			children = (
				8650ADB31906DB05009CF008 /* CDF Labs */,
				8650ADBF1906DB05009CF008 /* Images.xcassets */,
				8650ADCC1906DB05009CF008 /* CDF LabsTests */,
				8650ADAC1906DB05009CF008 /* Frameworks */,
				8650ADAB1906DB05009CF008 /* Products */,
				8E6E680B65354367A38AC96D /* Pods.xcconfig */,
			);
			sourceTree = "<group>";
		};
		8650ADAB1906DB05009CF008 /* Products */ = {
			isa = PBXGroup;
			children = (
				8650ADAA1906DB05009CF008 /* CDF Labs.app */,
				8650ADC51906DB05009CF008 /* CDF LabsTests.xctest */,
			);
			name = Products;
			sourceTree = "<group>";
		};
		8650ADAC1906DB05009CF008 /* Frameworks */ = {
			isa = PBXGroup;
			children = (
				8650ADAD1906DB05009CF008 /* Foundation.framework */,
				8650ADAF1906DB05009CF008 /* CoreGraphics.framework */,
				8650ADB11906DB05009CF008 /* UIKit.framework */,
				8650ADC61906DB05009CF008 /* XCTest.framework */,
				4511335801D74C04923BDABB /* libPods.a */,
			);
			name = Frameworks;
			sourceTree = "<group>";
		};
		8650ADB31906DB05009CF008 /* CDF Labs */ = {
			isa = PBXGroup;
			children = (
				86041D821907311100F1C075 /* App Delegate */,
				86041D7319072BBC00F1C075 /* Models */,
				8650ADE71906DCF6009CF008 /* Controllers */,
				8650ADE31906DBF3009CF008 /* Views */,
				86041D7E19072EBD00F1C075 /* Parser */,
				86DAC16C190756CD00877DBF /* UIColor */,
				86041DC41907316D00F1C075 /* External Libraries */,
				8650ADB41906DB05009CF008 /* Supporting Files */,
			);
			path = "CDF Labs";
			sourceTree = "<group>";
		};
		8650ADB41906DB05009CF008 /* Supporting Files */ = {
			isa = PBXGroup;
			children = (
				8650ADB51906DB05009CF008 /* CDF Labs-Info.plist */,
				8650ADB61906DB05009CF008 /* InfoPlist.strings */,
				8650ADB91906DB05009CF008 /* main.m */,
				8650ADBB1906DB05009CF008 /* CDF Labs-Prefix.pch */,
				86041D7F19072F2800F1C075 /* ITConstants.h */,
			);
			name = "Supporting Files";
			sourceTree = "<group>";
		};
		8650ADCC1906DB05009CF008 /* CDF LabsTests */ = {
			isa = PBXGroup;
			children = (
				8650ADD21906DB05009CF008 /* CDF_LabsTests.m */,
				8650ADCD1906DB05009CF008 /* Supporting Files */,
			);
			path = "CDF LabsTests";
			sourceTree = "<group>";
		};
		8650ADCD1906DB05009CF008 /* Supporting Files */ = {
			isa = PBXGroup;
			children = (
				8650ADCE1906DB05009CF008 /* CDF LabsTests-Info.plist */,
				8650ADCF1906DB05009CF008 /* InfoPlist.strings */,
			);
			name = "Supporting Files";
			sourceTree = "<group>";
		};
		8650ADE31906DBF3009CF008 /* Views */ = {
			isa = PBXGroup;
			children = (
				8650ADDC1906DB6C009CF008 /* MainStoryboard.storyboard */,
				86DAC1701907583100877DBF /* ITLabCollectionViewCell.h */,
				86DAC1711907583100877DBF /* ITLabCollectionViewCell.m */,
				86DAC1731907584500877DBF /* ITLabCollectionViewCell.xib */,
			);
			name = Views;
			path = ..;
			sourceTree = "<group>";
		};
		8650ADE71906DCF6009CF008 /* Controllers */ = {
			isa = PBXGroup;
			children = (
				86DAC17519075A6500877DBF /* ITLabCollectionViewController.h */,
				86DAC17619075A6500877DBF /* ITLabCollectionViewController.m */,
			);
			name = Controllers;
			sourceTree = "<group>";
		};
		86DAC16C190756CD00877DBF /* UIColor */ = {
			isa = PBXGroup;
			children = (
				86DAC1691907565300877DBF /* UIColor+CDFLabs.h */,
				86DAC16A1907565300877DBF /* UIColor+CDFLabs.m */,
			);
			name = UIColor;
			sourceTree = "<group>";
		};
/* End PBXGroup section */

/* Begin PBXNativeTarget section */
		8650ADA91906DB05009CF008 /* CDF Labs */ = {
			isa = PBXNativeTarget;
			buildConfigurationList = 8650ADD61906DB05009CF008 /* Build configuration list for PBXNativeTarget "CDF Labs" */;
			buildPhases = (
				9281458D922945B7845BBD54 /* Check Pods Manifest.lock */,
				8650ADA61906DB05009CF008 /* Sources */,
				8650ADA71906DB05009CF008 /* Frameworks */,
				8650ADA81906DB05009CF008 /* Resources */,
				176BB2740DCB46B3837D8546 /* Copy Pods Resources */,
			);
			buildRules = (
			);
			dependencies = (
			);
			name = "CDF Labs";
			productName = "CDF Labs";
			productReference = 8650ADAA1906DB05009CF008 /* CDF Labs.app */;
			productType = "com.apple.product-type.application";
		};
		8650ADC41906DB05009CF008 /* CDF LabsTests */ = {
			isa = PBXNativeTarget;
			buildConfigurationList = 8650ADD91906DB05009CF008 /* Build configuration list for PBXNativeTarget "CDF LabsTests" */;
			buildPhases = (
				8650ADC11906DB05009CF008 /* Sources */,
				8650ADC21906DB05009CF008 /* Frameworks */,
				8650ADC31906DB05009CF008 /* Resources */,
			);
			buildRules = (
			);
			dependencies = (
				8650ADCB1906DB05009CF008 /* PBXTargetDependency */,
			);
			name = "CDF LabsTests";
			productName = "CDF LabsTests";
			productReference = 8650ADC51906DB05009CF008 /* CDF LabsTests.xctest */;
			productType = "com.apple.product-type.bundle.unit-test";
		};
/* End PBXNativeTarget section */

/* Begin PBXProject section */
		8650ADA21906DB05009CF008 /* Project object */ = {
			isa = PBXProject;
			attributes = {
				CLASSPREFIX = IT;
				LastUpgradeCheck = 0510;
				ORGANIZATIONNAME = "Ishan Thukral";
				TargetAttributes = {
					8650ADC41906DB05009CF008 = {
						TestTargetID = 8650ADA91906DB05009CF008;
					};
				};
			};
			buildConfigurationList = 8650ADA51906DB05009CF008 /* Build configuration list for PBXProject "CDF Labs" */;
			compatibilityVersion = "Xcode 3.2";
			developmentRegion = English;
			hasScannedForEncodings = 0;
			knownRegions = (
				en,
			);
			mainGroup = 8650ADA11906DB05009CF008;
			productRefGroup = 8650ADAB1906DB05009CF008 /* Products */;
			projectDirPath = "";
			projectRoot = "";
			targets = (
				8650ADA91906DB05009CF008 /* CDF Labs */,
				8650ADC41906DB05009CF008 /* CDF LabsTests */,
			);
		};
/* End PBXProject section */

/* Begin PBXResourcesBuildPhase section */
		8650ADA81906DB05009CF008 /* Resources */ = {
			isa = PBXResourcesBuildPhase;
			buildActionMask = 2147483647;
			files = (
				8650ADDD1906DB6C009CF008 /* MainStoryboard.storyboard in Resources */,
				8650ADB81906DB05009CF008 /* InfoPlist.strings in Resources */,
				86DAC1741907584500877DBF /* ITLabCollectionViewCell.xib in Resources */,
				8650ADC01906DB05009CF008 /* Images.xcassets in Resources */,
			);
			runOnlyForDeploymentPostprocessing = 0;
		};
		8650ADC31906DB05009CF008 /* Resources */ = {
			isa = PBXResourcesBuildPhase;
			buildActionMask = 2147483647;
			files = (
				8650ADD11906DB05009CF008 /* InfoPlist.strings in Resources */,
			);
			runOnlyForDeploymentPostprocessing = 0;
		};
/* End PBXResourcesBuildPhase section */

/* Begin PBXShellScriptBuildPhase section */
		176BB2740DCB46B3837D8546 /* Copy Pods Resources */ = {
			isa = PBXShellScriptBuildPhase;
			buildActionMask = 2147483647;
			files = (
			);
			inputPaths = (
			);
			name = "Copy Pods Resources";
			outputPaths = (
			);
			runOnlyForDeploymentPostprocessing = 0;
			shellPath = /bin/sh;
			shellScript = "\"${SRCROOT}/Pods/Pods-resources.sh\"\n";
			showEnvVarsInLog = 0;
		};
		9281458D922945B7845BBD54 /* Check Pods Manifest.lock */ = {
			isa = PBXShellScriptBuildPhase;
			buildActionMask = 2147483647;
			files = (
			);
			inputPaths = (
			);
			name = "Check Pods Manifest.lock";
			outputPaths = (
			);
			runOnlyForDeploymentPostprocessing = 0;
			shellPath = /bin/sh;
			shellScript = "diff \"${PODS_ROOT}/../Podfile.lock\" \"${PODS_ROOT}/Manifest.lock\" > /dev/null\nif [[ $? != 0 ]] ; then\n    cat << EOM\nerror: The sandbox is not in sync with the Podfile.lock. Run 'pod install' or update your CocoaPods installation.\nEOM\n    exit 1\nfi\n";
			showEnvVarsInLog = 0;
		};
/* End PBXShellScriptBuildPhase section */

/* Begin PBXSourcesBuildPhase section */
		8650ADA61906DB05009CF008 /* Sources */ = {
			isa = PBXSourcesBuildPhase;
			buildActionMask = 2147483647;
			files = (
				86041D7619072BEF00F1C075 /* ITLab.m in Sources */,
				86DAC16B1907565300877DBF /* UIColor+CDFLabs.m in Sources */,
				86DAC1721907583100877DBF /* ITLabCollectionViewCell.m in Sources */,
				86041DCD1907328500F1C075 /* XPathQuery.m in Sources */,
				86041D7919072CCD00F1C075 /* ITLabStore.m in Sources */,
				86041DD3190736B300F1C075 /* ITLabParser.m in Sources */,
				86DAC17719075A6500877DBF /* ITLabCollectionViewController.m in Sources */,
				8650ADBA1906DB05009CF008 /* main.m in Sources */,
				86041DCC1907328500F1C075 /* TFHppleElement.m in Sources */,
				8650ADBE1906DB05009CF008 /* ITAppDelegate.m in Sources */,
				86041DC61907327600F1C075 /* TFHpple.m in Sources */,
			);
			runOnlyForDeploymentPostprocessing = 0;
		};
		8650ADC11906DB05009CF008 /* Sources */ = {
			isa = PBXSourcesBuildPhase;
			buildActionMask = 2147483647;
			files = (
				8650ADD31906DB05009CF008 /* CDF_LabsTests.m in Sources */,
			);
			runOnlyForDeploymentPostprocessing = 0;
		};
/* End PBXSourcesBuildPhase section */

/* Begin PBXTargetDependency section */
		8650ADCB1906DB05009CF008 /* PBXTargetDependency */ = {
			isa = PBXTargetDependency;
			target = 8650ADA91906DB05009CF008 /* CDF Labs */;
			targetProxy = 8650ADCA1906DB05009CF008 /* PBXContainerItemProxy */;
		};
/* End PBXTargetDependency section */

/* Begin PBXVariantGroup section */
		8650ADB61906DB05009CF008 /* InfoPlist.strings */ = {
			isa = PBXVariantGroup;
			children = (
				8650ADB71906DB05009CF008 /* en */,
			);
			name = InfoPlist.strings;
			sourceTree = "<group>";
		};
		8650ADCF1906DB05009CF008 /* InfoPlist.strings */ = {
			isa = PBXVariantGroup;
			children = (
				8650ADD01906DB05009CF008 /* en */,
			);
			name = InfoPlist.strings;
			sourceTree = "<group>";
		};
/* End PBXVariantGroup section */

/* Begin XCBuildConfiguration section */
		8650ADD41906DB05009CF008 /* Debug */ = {
			isa = XCBuildConfiguration;
			buildSettings = {
				ALWAYS_SEARCH_USER_PATHS = NO;
				CLANG_CXX_LANGUAGE_STANDARD = "gnu++0x";
				CLANG_CXX_LIBRARY = "libc++";
				CLANG_ENABLE_MODULES = YES;
				CLANG_ENABLE_OBJC_ARC = YES;
				CLANG_WARN_BOOL_CONVERSION = YES;
				CLANG_WARN_CONSTANT_CONVERSION = YES;
				CLANG_WARN_DIRECT_OBJC_ISA_USAGE = YES_ERROR;
				CLANG_WARN_EMPTY_BODY = YES;
				CLANG_WARN_ENUM_CONVERSION = YES;
				CLANG_WARN_INT_CONVERSION = YES;
				CLANG_WARN_OBJC_ROOT_CLASS = YES_ERROR;
				CLANG_WARN__DUPLICATE_METHOD_MATCH = YES;
				"CODE_SIGN_IDENTITY[sdk=iphoneos*]" = "iPhone Developer";
				COPY_PHASE_STRIP = NO;
				GCC_C_LANGUAGE_STANDARD = gnu99;
				GCC_DYNAMIC_NO_PIC = NO;
				GCC_OPTIMIZATION_LEVEL = 0;
				GCC_PREPROCESSOR_DEFINITIONS = (
					"DEBUG=1",
					"$(inherited)",
				);
				GCC_SYMBOLS_PRIVATE_EXTERN = NO;
				GCC_WARN_64_TO_32_BIT_CONVERSION = YES;
				GCC_WARN_ABOUT_RETURN_TYPE = YES_ERROR;
				GCC_WARN_UNDECLARED_SELECTOR = YES;
				GCC_WARN_UNINITIALIZED_AUTOS = YES_AGGRESSIVE;
				GCC_WARN_UNUSED_FUNCTION = YES;
				GCC_WARN_UNUSED_VARIABLE = YES;
				IPHONEOS_DEPLOYMENT_TARGET = 7.1;
				ONLY_ACTIVE_ARCH = YES;
				SDKROOT = iphoneos;
				TARGETED_DEVICE_FAMILY = "1,2";
			};
			name = Debug;
		};
		8650ADD51906DB05009CF008 /* Release */ = {
			isa = XCBuildConfiguration;
			buildSettings = {
				ALWAYS_SEARCH_USER_PATHS = NO;
				CLANG_CXX_LANGUAGE_STANDARD = "gnu++0x";
				CLANG_CXX_LIBRARY = "libc++";
				CLANG_ENABLE_MODULES = YES;
				CLANG_ENABLE_OBJC_ARC = YES;
				CLANG_WARN_BOOL_CONVERSION = YES;
				CLANG_WARN_CONSTANT_CONVERSION = YES;
				CLANG_WARN_DIRECT_OBJC_ISA_USAGE = YES_ERROR;
				CLANG_WARN_EMPTY_BODY = YES;
				CLANG_WARN_ENUM_CONVERSION = YES;
				CLANG_WARN_INT_CONVERSION = YES;
				CLANG_WARN_OBJC_ROOT_CLASS = YES_ERROR;
				CLANG_WARN__DUPLICATE_METHOD_MATCH = YES;
				"CODE_SIGN_IDENTITY[sdk=iphoneos*]" = "iPhone Developer";
				COPY_PHASE_STRIP = YES;
				ENABLE_NS_ASSERTIONS = NO;
				GCC_C_LANGUAGE_STANDARD = gnu99;
				GCC_WARN_64_TO_32_BIT_CONVERSION = YES;
				GCC_WARN_ABOUT_RETURN_TYPE = YES_ERROR;
				GCC_WARN_UNDECLARED_SELECTOR = YES;
				GCC_WARN_UNINITIALIZED_AUTOS = YES_AGGRESSIVE;
				GCC_WARN_UNUSED_FUNCTION = YES;
				GCC_WARN_UNUSED_VARIABLE = YES;
				IPHONEOS_DEPLOYMENT_TARGET = 7.1;
				SDKROOT = iphoneos;
				TARGETED_DEVICE_FAMILY = "1,2";
				VALIDATE_PRODUCT = YES;
			};
			name = Release;
		};
		8650ADD71906DB05009CF008 /* Debug */ = {
			isa = XCBuildConfiguration;
			baseConfigurationReference = 8E6E680B65354367A38AC96D /* Pods.xcconfig */;
			buildSettings = {
				ASSETCATALOG_COMPILER_APPICON_NAME = AppIcon;
				ASSETCATALOG_COMPILER_LAUNCHIMAGE_NAME = LaunchImage;
				GCC_PRECOMPILE_PREFIX_HEADER = YES;
				GCC_PREFIX_HEADER = "CDF Labs/CDF Labs-Prefix.pch";
				HEADER_SEARCH_PATHS = (
					"\"${PODS_ROOT}/Headers\"",
					"\"${PODS_ROOT}/Headers/Reachability\"",
					/usr/include/libxml2,
				);
				INFOPLIST_FILE = "CDF Labs/CDF Labs-Info.plist";
				LIBRARY_SEARCH_PATHS = (
					"$(inherited)",
					"$(PROJECT_DIR)",
				);
				PRODUCT_NAME = "$(TARGET_NAME)";
				WRAPPER_EXTENSION = app;
			};
			name = Debug;
		};
		8650ADD81906DB05009CF008 /* Release */ = {
			isa = XCBuildConfiguration;
			baseConfigurationReference = 8E6E680B65354367A38AC96D /* Pods.xcconfig */;
			buildSettings = {
				ASSETCATALOG_COMPILER_APPICON_NAME = AppIcon;
				ASSETCATALOG_COMPILER_LAUNCHIMAGE_NAME = LaunchImage;
				GCC_PRECOMPILE_PREFIX_HEADER = YES;
				GCC_PREFIX_HEADER = "CDF Labs/CDF Labs-Prefix.pch";
				HEADER_SEARCH_PATHS = (
					"\"${PODS_ROOT}/Headers\"",
					"\"${PODS_ROOT}/Headers/Reachability\"",
					/usr/include/libxml2,
				);
				INFOPLIST_FILE = "CDF Labs/CDF Labs-Info.plist";
				LIBRARY_SEARCH_PATHS = (
					"$(inherited)",
					"$(PROJECT_DIR)",
				);
				PRODUCT_NAME = "$(TARGET_NAME)";
				WRAPPER_EXTENSION = app;
			};
			name = Release;
		};
		8650ADDA1906DB05009CF008 /* Debug */ = {
			isa = XCBuildConfiguration;
			buildSettings = {
				BUNDLE_LOADER = "$(BUILT_PRODUCTS_DIR)/CDF Labs.app/CDF Labs";
				FRAMEWORK_SEARCH_PATHS = (
					"$(SDKROOT)/Developer/Library/Frameworks",
					"$(inherited)",
					"$(DEVELOPER_FRAMEWORKS_DIR)",
				);
				GCC_PRECOMPILE_PREFIX_HEADER = YES;
				GCC_PREFIX_HEADER = "CDF Labs/CDF Labs-Prefix.pch";
				GCC_PREPROCESSOR_DEFINITIONS = (
					"DEBUG=1",
					"$(inherited)",
				);
				INFOPLIST_FILE = "CDF LabsTests/CDF LabsTests-Info.plist";
				PRODUCT_NAME = "$(TARGET_NAME)";
				TEST_HOST = "$(BUNDLE_LOADER)";
				WRAPPER_EXTENSION = xctest;
			};
			name = Debug;
		};
		8650ADDB1906DB05009CF008 /* Release */ = {
			isa = XCBuildConfiguration;
			buildSettings = {
				BUNDLE_LOADER = "$(BUILT_PRODUCTS_DIR)/CDF Labs.app/CDF Labs";
				FRAMEWORK_SEARCH_PATHS = (
					"$(SDKROOT)/Developer/Library/Frameworks",
					"$(inherited)",
					"$(DEVELOPER_FRAMEWORKS_DIR)",
				);
				GCC_PRECOMPILE_PREFIX_HEADER = YES;
				GCC_PREFIX_HEADER = "CDF Labs/CDF Labs-Prefix.pch";
				INFOPLIST_FILE = "CDF LabsTests/CDF LabsTests-Info.plist";
				PRODUCT_NAME = "$(TARGET_NAME)";
				TEST_HOST = "$(BUNDLE_LOADER)";
				WRAPPER_EXTENSION = xctest;
			};
			name = Release;
		};
/* End XCBuildConfiguration section */

/* Begin XCConfigurationList section */
		8650ADA51906DB05009CF008 /* Build configuration list for PBXProject "CDF Labs" */ = {
			isa = XCConfigurationList;
			buildConfigurations = (
				8650ADD41906DB05009CF008 /* Debug */,
				8650ADD51906DB05009CF008 /* Release */,
			);
			defaultConfigurationIsVisible = 0;
			defaultConfigurationName = Release;
		};
		8650ADD61906DB05009CF008 /* Build configuration list for PBXNativeTarget "CDF Labs" */ = {
			isa = XCConfigurationList;
			buildConfigurations = (
				8650ADD71906DB05009CF008 /* Debug */,
				8650ADD81906DB05009CF008 /* Release */,
			);
			defaultConfigurationIsVisible = 0;
			defaultConfigurationName = Release;
		};
		8650ADD91906DB05009CF008 /* Build configuration list for PBXNativeTarget "CDF LabsTests" */ = {
			isa = XCConfigurationList;
			buildConfigurations = (
				8650ADDA1906DB05009CF008 /* Debug */,
				8650ADDB1906DB05009CF008 /* Release */,
			);
			defaultConfigurationIsVisible = 0;
			defaultConfigurationName = Release;
		};
/* End XCConfigurationList section */
	};
	rootObject = 8650ADA21906DB05009CF008 /* Project object */;
}
